%{
  "bandit": {:hex, :bandit, "1.12.5", "af205a8e550f304caae09a97d29fd3c79a7f337526ea7cd772d2ff11d2f7c800", [:mix], [{:hpax, "~> 1.0", [hex: :hpax, repo: "hexpm", optional: false]}, {:plug, "~> 1.18", [hex: :plug, repo: "hexpm", optional: false]}, {:telemetry, "~> 0.4 or ~> 1.0", [hex: :telemetry, repo: "hexpm", optional: false]}, {:thousand_island, "~> 1.5", [hex: :thousand_island, repo: "hexpm", optional: false]}, {:websock, "~> 0.5", [hex: :websock, repo: "hexpm", optional: false]}], "hexpm", "c5684ca062fa407cac115aec3256383f3e2ec9fdced7904d59cf5a7bb7ed6181"},
  "cc_precompiler": {:hex, :cc_precompiler, "0.1.11", "8c844d0b9fb98a3edea067f94f616b3f6b29b959b6b3bf25fee94ffe34364768", [:mix], [{:elixir_make, "~> 0.7", [hex: :elixir_make, repo: "hexpm", optional: false]}], "hexpm", "3427232caf0835f94680e5bcf082408a70b48ad68a5f5c0b02a3bea9f3a075b9"},
  "client_signals": {:hex, :client_signals, "0.4.4", "e75ceefbfd6390a07bac253adf96c2e1e30eed6b8dfede43f13fb2032c9196ea", [:mix], [{:opentelemetry_api, "~> 1.4", [hex: :opentelemetry_api, repo: "hexpm", optional: true]}, {:plug, "~> 1.14", [hex: :plug, repo: "hexpm", optional: true]}, {:prom_ex, "~> 1.11", [hex: :prom_ex, repo: "hexpm", optional: true]}, {:telemetry, "~> 1.0", [hex: :telemetry, repo: "hexpm", optional: true]}], "hexpm", "f9e938f8454295d0f1452da2a506497ed322aea2e2895881dfd6be9859133ac3"},
  "cowlib": {:hex, :cowlib, "2.19.0", "c9d11c9d035472e27a740c9f327786c61ed209269b4be0260d59d3ec07b8949f", [:make, :rebar3], [], "hexpm", "6dc66e3135b229193ea4dcb14294e79520c923d391315c9c962ef0b4bea72356"},
  "db_connection": {:hex, :db_connection, "2.10.2", "ae391e803a5adff104da913c2fc1c0c14a37f8b10001dcef568796e1fb7bf95c", [:mix], [{:telemetry, "~> 0.4 or ~> 1.0", [hex: :telemetry, repo: "hexpm", optional: false]}], "hexpm", "510b14482330f1af6490a2fa0efd8d4f1435d1529b165647df22ac0f2df0fa93"},
  "decimal": {:hex, :decimal, "3.1.1", "430d87b04011ce6cbd4fd205be758311a81f87d552d40904abd00f015935b1d0", [:mix], [], "hexpm", "c5f25f2ced74a0587d03e6023f595db8e924c9d3922c8c8ffd9edfc4498cf1f6"},
  "ecto": {:hex, :ecto, "3.14.2", "99db28a864293a789c970651de711e3cae184291e0e7ea1166c54055ac41c1f3", [:mix], [{:decimal, "~> 3.0", [hex: :decimal, repo: "hexpm", optional: false]}, {:jason, "~> 1.0", [hex: :jason, repo: "hexpm", optional: true]}, {:telemetry, "~> 0.4 or ~> 1.0", [hex: :telemetry, repo: "hexpm", optional: false]}], "hexpm", "25d60b8c816a07d19d85b80bdf60978bd8b102209dda198d768cd7c6745339a6"},
  "ecto_sql": {:hex, :ecto_sql, "3.14.0", "06446ab8410d2f85bfbb80857ee224ab3b693700cbb38f6535d507449a627b2e", [:mix], [{:db_connection, "~> 2.9", [hex: :db_connection, repo: "hexpm", optional: false]}, {:decimal, "~> 3.0", [hex: :decimal, repo: "hexpm", optional: false]}, {:ecto, "~> 3.14.0", [hex: :ecto, repo: "hexpm", optional: false]}, {:myxql, "~> 0.8", [hex: :myxql, repo: "hexpm", optional: true]}, {:postgrex, "~> 0.19 or ~> 1.0", [hex: :postgrex, repo: "hexpm", optional: true]}, {:tds, "~> 2.1.1 or ~> 2.2", [hex: :tds, repo: "hexpm", optional: true]}, {:telemetry, "~> 0.4.0 or ~> 1.0", [hex: :telemetry, repo: "hexpm", optional: false]}], "hexpm", "f4d8d36faf294c9417b5a37ec7ac8217ee2abdef5fcf197ba690f361548d3949"},
  "ecto_sqlite3": {:hex, :ecto_sqlite3, "0.24.1", "26665565f075aaf5f83a76a409ffdef4d2f0a2f3c6840bbf0995993fbea2ad32", [:mix], [{:decimal, "~> 3.0", [hex: :decimal, repo: "hexpm", optional: false]}, {:ecto, "~> 3.14", [hex: :ecto, repo: "hexpm", optional: false]}, {:ecto_sql, "~> 3.14", [hex: :ecto_sql, repo: "hexpm", optional: false]}, {:exqlite, "~> 0.22", [hex: :exqlite, repo: "hexpm", optional: false]}], "hexpm", "681ca576c74a94944b962eeb7e0cf19aaea517decafd3213afb403ac8f4cd2e3"},
  "elixir_make": {:hex, :elixir_make, "0.10.0", "16577e2583a79bb79237bbff349619ef5d80afffc07eac6e4faf0d00e2ddaf7d", [:mix], [], "hexpm", "dc1f09fb7fa68866b886abd5f0f3c83553b1a19a52359a899e92af1bb3b31982"},
  "erlexec": {:hex, :erlexec, "2.4.0", "f294e9c0493cf6cc6d0c6b19e60cf6ae26cca78997e0a3693758d66dc6d4b25e", [:rebar3], [], "hexpm", "0f5de32b522a804e5141ae1bc9a9d761128008118fb3a57a9e5ef1858ff1fb71"},
  "exqlite": {:hex, :exqlite, "0.40.0", "d63cb394a588ecbe73f19c56fbbcf397bf6488b5872fcddc9383fb375cf6131d", [:make, :mix], [{:cc_precompiler, "~> 0.1", [hex: :cc_precompiler, repo: "hexpm", optional: false]}, {:db_connection, "~> 2.1", [hex: :db_connection, repo: "hexpm", optional: false]}, {:elixir_make, "~> 0.8", [hex: :elixir_make, repo: "hexpm", optional: false]}, {:table, "~> 0.1.0", [hex: :table, repo: "hexpm", optional: true]}], "hexpm", "f83350f2d29a38be1fd38f39081dd36f41fc51bbacf0f4c2927d01308ae331d0"},
  "finch": {:hex, :finch, "0.23.0", "e3f9287ac25a8832f848b144c2b57346aac65b205e2e0629a52adfe6507fd837", [:mix], [{:mime, "~> 1.0 or ~> 2.0", [hex: :mime, repo: "hexpm", optional: false]}, {:mint, "~> 1.8", [hex: :mint, repo: "hexpm", optional: false]}, {:nimble_options, "~> 0.4 or ~> 1.0", [hex: :nimble_options, repo: "hexpm", optional: false]}, {:nimble_pool, "~> 1.1", [hex: :nimble_pool, repo: "hexpm", optional: false]}, {:telemetry, "~> 0.4 or ~> 1.0", [hex: :telemetry, repo: "hexpm", optional: false]}], "hexpm", "80e58d3f936f57e3fdf404f83a3642897ae6d9fb642934e46da4d8fe761b99d5"},
  "gun": {:hex, :gun, "2.5.0", "7be4c8d34a177f4213d48bb5fbffb03462ce871b4ec30b5aa3b08d2fd4fa424b", [:make, :rebar3], [{:cowlib, ">= 2.19.0 and < 3.0.0", [hex: :cowlib, repo: "hexpm", optional: false]}], "hexpm", "3839576181456f5553fc1be006fd95681576b916cc9ad68d422a287ed4a770dd"},
  "hpax": {:hex, :hpax, "1.0.4", "777de5d433b0fbdc7c418159c8055910faa8047ffdb3d6b31098d2a46cd7685c", [:mix], [], "hexpm", "afc7cb142ebcc2d01ce7816190b98ce5dd49e799111b24249f3443d730f377ca"},
  "jason": {:hex, :jason, "1.4.5", "2e3a008590b0b8d7388c20293e9dcc9cf3e5d642fd2a114e4cbbb52e595d940a", [:mix], [{:decimal, "~> 1.0 or ~> 2.0 or ~> 3.0", [hex: :decimal, repo: "hexpm", optional: true]}], "hexpm", "b0c823996102bcd0239b3c2444eb00409b72f6a140c1950bc8b457d836b30684"},
  "managoat_acp": {:hex, :managoat_acp, "0.2.3", "71e89836c4ddcf6b3e70f26c95a45301587ce0f1ba45b229fef2402d2964906c", [:mix], [{:jason, "~> 1.2", [hex: :jason, repo: "hexpm", optional: false]}, {:opentelemetry_api, "~> 1.4", [hex: :opentelemetry_api, repo: "hexpm", optional: false]}], "hexpm", "8aa5a51a969ea275cb2c9bedac1d52008782a8314256009a7003483f9befff45"},
  "managoat_runtimes": {:hex, :managoat_runtimes, "0.3.3", "2b675cf168b86308fc6e5db345dee01ae989a6ccc0a48681d92fa8934e72c072", [:mix], [{:jason, "~> 1.2", [hex: :jason, repo: "hexpm", optional: false]}, {:managoat_acp, "~> 0.1.1 or ~> 0.2.0 or ~> 0.3.0", [hex: :managoat_acp, repo: "hexpm", optional: false]}, {:managoat_sandbox, "~> 0.2.0", [hex: :managoat_sandbox, repo: "hexpm", optional: false]}], "hexpm", "886865e8f5e70fb0eb989fde979488f3f57d00ecb4fc45e2fbe82833b1415c62"},
  "managoat_sandbox": {:hex, :managoat_sandbox, "0.2.1", "186ddc6b642c16345e039b02687116ed1027059bca4b8ad6a971c480b75ed7ab", [:mix], [{:jason, "~> 1.2", [hex: :jason, repo: "hexpm", optional: false]}, {:req, "~> 0.5", [hex: :req, repo: "hexpm", optional: false]}, {:sprites, "0.2.2", [hex: :sprites, repo: "hexpm", optional: false]}], "hexpm", "f3655044f101c761558d41d3d019e3f1e99fbdae38d105c4025c6cd5a78cb360"},
  "mime": {:hex, :mime, "2.0.7", "b8d739037be7cd402aee1ba0306edfdef982687ee7e9859bee6198c1e7e2f128", [:mix], [], "hexpm", "6171188e399ee16023ffc5b76ce445eb6d9672e2e241d2df6050f3c771e80ccd"},
  "mint": {:hex, :mint, "1.10.0", "85af3353bfc504f5bdfe494bd92b8490f87a306dc659ee1ad0af435107e898dc", [:mix], [{:castore, "~> 0.1.0 or ~> 1.0", [hex: :castore, repo: "hexpm", optional: true]}, {:hpax, "~> 0.1.1 or ~> 0.2.0 or ~> 1.0", [hex: :hpax, repo: "hexpm", optional: false]}], "hexpm", "8b16fb72aaa7531d206a1f05e4cc85509ba531ccec7a17a22736c9c95cbb24d1"},
  "nimble_options": {:hex, :nimble_options, "1.1.1", "e3a492d54d85fc3fd7c5baf411d9d2852922f66e69476317787a7b2bb000a61b", [:mix], [], "hexpm", "821b2470ca9442c4b6984882fe9bb0389371b8ddec4d45a9504f00a66f650b44"},
  "nimble_pool": {:hex, :nimble_pool, "1.1.0", "bf9c29fbdcba3564a8b800d1eeb5a3c58f36e1e11d7b7fb2e084a643f645f06b", [:mix], [], "hexpm", "af2e4e6b34197db81f7aad230c1118eac993acc0dae6bc83bac0126d4ae0813a"},
  "opentelemetry_api": {:hex, :opentelemetry_api, "1.5.0", "1a676f3e3340cab81c763e939a42e11a70c22863f645aa06aafefc689b5550cf", [:mix, :rebar3], [], "hexpm", "f53ec8a1337ae4a487d43ac89da4bd3a3c99ddf576655d071deed8b56a2d5dda"},
  "plug": {:hex, :plug, "1.20.3", "56c480c633ec2ce10140e236e15233bf576e1d323887d7c96711bd02ab5160db", [:mix], [{:mime, "~> 1.0 or ~> 2.0", [hex: :mime, repo: "hexpm", optional: false]}, {:plug_crypto, "~> 1.1.1 or ~> 1.2 or ~> 2.0", [hex: :plug_crypto, repo: "hexpm", optional: false]}, {:telemetry, "~> 0.4.3 or ~> 1.0", [hex: :telemetry, repo: "hexpm", optional: false]}], "hexpm", "be266aee1b8536ef6409d58cf39a3121319f0ec47cfa1b24024485aa0e76ad76"},
  "plug_crypto": {:hex, :plug_crypto, "2.2.0", "144014737daaf485407f5ed77daeaad74d651b216a28c87543f8cc7043f8efc8", [:mix], [], "hexpm", "83a95744ab1c75876542b6fab135fcc176280e0f301a111c1f757fddcec95d2c"},
  "req": {:hex, :req, "0.7.4", "23e9ffec17de032a46a4b15ed65c09793893bf4a7c680f4bbf6227fce6bdf74d", [:mix], [{:brotli, "~> 0.3.1", [hex: :brotli, repo: "hexpm", optional: true]}, {:finch, "~> 0.21", [hex: :finch, repo: "hexpm", optional: false]}, {:jason, "~> 1.0", [hex: :jason, repo: "hexpm", optional: false]}, {:mime, "~> 2.0.6 or ~> 2.1", [hex: :mime, repo: "hexpm", optional: false]}, {:nimble_csv, "~> 1.0", [hex: :nimble_csv, repo: "hexpm", optional: true]}, {:plug, "~> 1.0", [hex: :plug, repo: "hexpm", optional: true]}], "hexpm", "4b192d63253e8dcc6221ef992ea9ebef7d3555166e8423aa5b553e86bc3c69a2"},
  "sprites": {:hex, :sprites, "0.2.2", "6c8be38d76e0c3b453417fcd328fb8388514a79b54d8713ac24bc1d67913740b", [:mix], [{:client_signals, "~> 0.4.4", [hex: :client_signals, repo: "hexpm", optional: false]}, {:gun, "~> 2.1", [hex: :gun, repo: "hexpm", optional: false]}, {:jason, "~> 1.4", [hex: :jason, repo: "hexpm", optional: false]}, {:req, "~> 0.5", [hex: :req, repo: "hexpm", optional: false]}], "hexpm", "aa5a2b258d260806a9abb288a97f97dad5311395584ce0836503c923bc4b97bb"},
  "telemetry": {:hex, :telemetry, "1.4.2", "a0cb522801dffb1c49fe6e30561badffc7b6d0e180db1300df759faa22062855", [:rebar3], [], "hexpm", "928f6495066506077862c0d1646609eed891a4326bee3126ba54b60af61febb1"},
  "thousand_island": {:hex, :thousand_island, "1.5.0", "f50a213cac97262b6d5ebb85745aa2c00fec1413191e6e66834788d45425cecb", [:mix], [{:telemetry, "~> 0.4 or ~> 1.0", [hex: :telemetry, repo: "hexpm", optional: false]}], "hexpm", "708923d40523e43cf99041ab37a0d4b0ec426ac6438fa3716ab23d919eaeb412"},
  "websock": {:hex, :websock, "0.5.3", "2f69a6ebe810328555b6fe5c831a851f485e303a7c8ce6c5f675abeb20ebdadc", [:mix], [], "hexpm", "6105453d7fac22c712ad66fab1d45abdf049868f253cf719b625151460b8b453"},
}
